
Microsoft Visual Studio Solution File, Format Version 12.00
# Visual Studio 15
VisualStudioVersion = 15.0.28307.271
MinimumVisualStudioVersion = 10.0.40219.1
Project("{FAE04EC0-301F-11D3-BF4B-00C04F79EFBC}") = "ContainerizedApi", "ContainerizedApi\ContainerizedApi.csproj", "{107313A7-27B6-4A2A-8CBA-9BE0FCB7EB03}"
EndProject
Global
	GlobalSection(SolutionConfigurationPlatforms) = preSolution
		Debug|Any CPU = Debug|Any CPU
		Release|Any CPU = Release|Any CPU
	EndGlobalSection
	GlobalSection(ProjectConfigurationPlatforms) = postSolution
		{107313A7-27B6-4A2A-8CBA-9BE0FCB7EB03}.Debug|Any CPU.ActiveCfg = Debug|Any CPU
		{107313A7-27B6-4A2A-8CBA-9BE0FCB7EB03}.Debug|Any CPU.Build.0 = Debug|Any CPU
		{107313A7-27B6-4A2A-8CBA-9BE0FCB7EB03}.Release|Any CPU.ActiveCfg = Release|Any CPU
		{107313A7-27B6-4A2A-8CBA-9BE0FCB7EB03}.Release|Any CPU.Build.0 = Release|Any CPU
	EndGlobalSection
	GlobalSection(SolutionProperties) = preSolution
		HideSolutionNode = FALSE
	EndGlobalSection
	GlobalSection(ExtensibilityGlobals) = postSolution
		SolutionGuid = {9457A8C7-BD68-4591-BF79-32867903B852}
	EndGlobalSection
EndGlobal
